
Microsoft Visual Studio Solution File, Format Version 12.00
# Visual Studio Version 17
VisualStudioVersion = 17.10.35013.160
MinimumVisualStudioVersion = 10.0.40219.1
Project("{9A19103F-16F7-4668-BE54-9A1E7A4F7556}") = "HttpServer", "Server\HttpServer.csproj", "{946F1424-236D-4FF3-99ED-BCA8691AAE57}"
EndProject
Project("{9A19103F-16F7-4668-BE54-9A1E7A4F7556}") = "App", "App\App.csproj", "{2569088F-6861-4C70-8156-3386E7F2757B}"
EndProject
Global
	GlobalSection(SolutionConfigurationPlatforms) = preSolution
		Debug|Any CPU = Debug|Any CPU
		Release|Any CPU = Release|Any CPU
	EndGlobalSection
	GlobalSection(ProjectConfigurationPlatforms) = postSolution
		{946F1424-236D-4FF3-99ED-BCA8691AAE57}.Debug|Any CPU.ActiveCfg = Debug|Any CPU
		{946F1424-236D-4FF3-99ED-BCA8691AAE57}.Debug|Any CPU.Build.0 = Debug|Any CPU
		{946F1424-236D-4FF3-99ED-BCA8691AAE57}.Release|Any CPU.ActiveCfg = Release|Any CPU
		{946F1424-236D-4FF3-99ED-BCA8691AAE57}.Release|Any CPU.Build.0 = Release|Any CPU
		{2569088F-6861-4C70-8156-3386E7F2757B}.Debug|Any CPU.ActiveCfg = Debug|Any CPU
		{2569088F-6861-4C70-8156-3386E7F2757B}.Debug|Any CPU.Build.0 = Debug|Any CPU
		{2569088F-6861-4C70-8156-3386E7F2757B}.Release|Any CPU.ActiveCfg = Release|Any CPU
		{2569088F-6861-4C70-8156-3386E7F2757B}.Release|Any CPU.Build.0 = Release|Any CPU
	EndGlobalSection
	GlobalSection(SolutionProperties) = preSolution
		HideSolutionNode = FALSE
	EndGlobalSection
	GlobalSection(ExtensibilityGlobals) = postSolution
		SolutionGuid = {5F878695-94AC-4FA4-994D-344BAB1E3DC6}
	EndGlobalSection
EndGlobal
