
Microsoft Visual Studio Solution File, Format Version 12.00
# Visual Studio Version 17
VisualStudioVersion = 17.10.35013.160
MinimumVisualStudioVersion = 10.0.40219.1
Project("{FAE04EC0-301F-11D3-BF4B-00C04F79EFBC}") = "NotenverwaltungsApp", "NotenverwaltungsApp.csproj", "{D6DB2810-AE3F-4A49-AB65-AC039526816C}"
EndProject
Project("{9A19103F-16F7-4668-BE54-9A1E7A4F7556}") = "NotenverwaltungsAppServer", "..\NotenverwaltungsAppServer\NotenverwaltungsAppServer.csproj", "{023D4350-90F8-44D3-9E99-095ED85C07A8}"
EndProject
Global
	GlobalSection(SolutionConfigurationPlatforms) = preSolution
		Debug|Any CPU = Debug|Any CPU
		Release|Any CPU = Release|Any CPU
	EndGlobalSection
	GlobalSection(ProjectConfigurationPlatforms) = postSolution
		{D6DB2810-AE3F-4A49-AB65-AC039526816C}.Debug|Any CPU.ActiveCfg = Debug|Any CPU
		{D6DB2810-AE3F-4A49-AB65-AC039526816C}.Debug|Any CPU.Build.0 = Debug|Any CPU
		{D6DB2810-AE3F-4A49-AB65-AC039526816C}.Release|Any CPU.ActiveCfg = Release|Any CPU
		{D6DB2810-AE3F-4A49-AB65-AC039526816C}.Release|Any CPU.Build.0 = Release|Any CPU
		{023D4350-90F8-44D3-9E99-095ED85C07A8}.Debug|Any CPU.ActiveCfg = Debug|Any CPU
		{023D4350-90F8-44D3-9E99-095ED85C07A8}.Debug|Any CPU.Build.0 = Debug|Any CPU
		{023D4350-90F8-44D3-9E99-095ED85C07A8}.Release|Any CPU.ActiveCfg = Release|Any CPU
		{023D4350-90F8-44D3-9E99-095ED85C07A8}.Release|Any CPU.Build.0 = Release|Any CPU
	EndGlobalSection
	GlobalSection(SolutionProperties) = preSolution
		HideSolutionNode = FALSE
	EndGlobalSection
	GlobalSection(ExtensibilityGlobals) = postSolution
		SolutionGuid = {14497BEB-BED7-4EEB-91ED-E58CDE44E620}
	EndGlobalSection
EndGlobal
